
Microsoft Visual Studio Solution File, Format Version 12.00
# Visual Studio Version 16
VisualStudioVersion = 16.0.32901.82
MinimumVisualStudioVersion = 10.0.40219.1
Project("{9A19103F-16F7-4668-BE54-9A1E7A4F7556}") = "Front-to-back", "Front-to-back\Front-to-back.csproj", "{8AA3F7B9-68F7-4C7D-92AA-EB7E7ABE360B}"
EndProject
Global
	GlobalSection(SolutionConfigurationPlatforms) = preSolution
		Debug|Any CPU = Debug|Any CPU
		Release|Any CPU = Release|Any CPU
	EndGlobalSection
	GlobalSection(ProjectConfigurationPlatforms) = postSolution
		{8AA3F7B9-68F7-4C7D-92AA-EB7E7ABE360B}.Debug|Any CPU.ActiveCfg = Debug|Any CPU
		{8AA3F7B9-68F7-4C7D-92AA-EB7E7ABE360B}.Debug|Any CPU.Build.0 = Debug|Any CPU
		{8AA3F7B9-68F7-4C7D-92AA-EB7E7ABE360B}.Release|Any CPU.ActiveCfg = Release|Any CPU
		{8AA3F7B9-68F7-4C7D-92AA-EB7E7ABE360B}.Release|Any CPU.Build.0 = Release|Any CPU
	EndGlobalSection
	GlobalSection(SolutionProperties) = preSolution
		HideSolutionNode = FALSE
	EndGlobalSection
	GlobalSection(ExtensibilityGlobals) = postSolution
		SolutionGuid = {DA01A571-3C16-4EDC-9B7F-902790E85D4D}
	EndGlobalSection
EndGlobal
